
Microsoft Visual Studio Solution File, Format Version 12.00
# Visual Studio Version 17
VisualStudioVersion = 17.4.33205.214
MinimumVisualStudioVersion = 10.0.40219.1
Project("{9A19103F-16F7-4668-BE54-9A1E7A4F7556}") = "Bank.DAL", "Bank.DAL\Bank.DAL.csproj", "{46DD2B54-3D09-4E65-AC95-829AABD0B2D2}"
EndProject
Project("{9A19103F-16F7-4668-BE54-9A1E7A4F7556}") = "Bank.Common", "Bank.Common\Bank.Common.csproj", "{D0BDC779-1F34-400C-A797-A7AA017E0420}"
EndProject
Project("{FAE04EC0-301F-11D3-BF4B-00C04F79EFBC}") = "Bank.BAL", "Bank.BAL\Bank.BAL.csproj", "{F37FA43F-0D2A-4BE3-B3BB-AB7BF0D2305E}"
EndProject
Global
	GlobalSection(SolutionConfigurationPlatforms) = preSolution
		Debug|Any CPU = Debug|Any CPU
		Release|Any CPU = Release|Any CPU
	EndGlobalSection
	GlobalSection(ProjectConfigurationPlatforms) = postSolution
		{46DD2B54-3D09-4E65-AC95-829AABD0B2D2}.Debug|Any CPU.ActiveCfg = Debug|Any CPU
		{46DD2B54-3D09-4E65-AC95-829AABD0B2D2}.Debug|Any CPU.Build.0 = Debug|Any CPU
		{46DD2B54-3D09-4E65-AC95-829AABD0B2D2}.Release|Any CPU.ActiveCfg = Release|Any CPU
		{46DD2B54-3D09-4E65-AC95-829AABD0B2D2}.Release|Any CPU.Build.0 = Release|Any CPU
		{D0BDC779-1F34-400C-A797-A7AA017E0420}.Debug|Any CPU.ActiveCfg = Debug|Any CPU
		{D0BDC779-1F34-400C-A797-A7AA017E0420}.Debug|Any CPU.Build.0 = Debug|Any CPU
		{D0BDC779-1F34-400C-A797-A7AA017E0420}.Release|Any CPU.ActiveCfg = Release|Any CPU
		{D0BDC779-1F34-400C-A797-A7AA017E0420}.Release|Any CPU.Build.0 = Release|Any CPU
		{F37FA43F-0D2A-4BE3-B3BB-AB7BF0D2305E}.Debug|Any CPU.ActiveCfg = Debug|Any CPU
		{F37FA43F-0D2A-4BE3-B3BB-AB7BF0D2305E}.Debug|Any CPU.Build.0 = Debug|Any CPU
		{F37FA43F-0D2A-4BE3-B3BB-AB7BF0D2305E}.Release|Any CPU.ActiveCfg = Release|Any CPU
		{F37FA43F-0D2A-4BE3-B3BB-AB7BF0D2305E}.Release|Any CPU.Build.0 = Release|Any CPU
	EndGlobalSection
	GlobalSection(SolutionProperties) = preSolution
		HideSolutionNode = FALSE
	EndGlobalSection
	GlobalSection(ExtensibilityGlobals) = postSolution
		SolutionGuid = {CD4C398D-29A2-44A3-8C03-575122F46C1B}
	EndGlobalSection
EndGlobal
