
Microsoft Visual Studio Solution File, Format Version 12.00
# Visual Studio Version 17
VisualStudioVersion = 17.4.33205.214
MinimumVisualStudioVersion = 10.0.40219.1
Project("{FAE04EC0-301F-11D3-BF4B-00C04F79EFBC}") = "Bank.Infrastructure", "Bank.Infrastructure\Bank.Infrastructure.csproj", "{8F32E3C8-FE89-46BC-A8D3-920D54205670}"
EndProject
Global
	GlobalSection(SolutionConfigurationPlatforms) = preSolution
		Debug|Any CPU = Debug|Any CPU
		Release|Any CPU = Release|Any CPU
	EndGlobalSection
	GlobalSection(ProjectConfigurationPlatforms) = postSolution
		{8F32E3C8-FE89-46BC-A8D3-920D54205670}.Debug|Any CPU.ActiveCfg = Debug|Any CPU
		{8F32E3C8-FE89-46BC-A8D3-920D54205670}.Debug|Any CPU.Build.0 = Debug|Any CPU
		{8F32E3C8-FE89-46BC-A8D3-920D54205670}.Release|Any CPU.ActiveCfg = Release|Any CPU
		{8F32E3C8-FE89-46BC-A8D3-920D54205670}.Release|Any CPU.Build.0 = Release|Any CPU
	EndGlobalSection
	GlobalSection(SolutionProperties) = preSolution
		HideSolutionNode = FALSE
	EndGlobalSection
	GlobalSection(ExtensibilityGlobals) = postSolution
		SolutionGuid = {CD4C398D-29A2-44A3-8C03-575122F46C1B}
	EndGlobalSection
EndGlobal
